
Microsoft Visual Studio Solution File, Format Version 12.00
# Visual Studio Version 16
VisualStudioVersion = 16.0.30114.105
MinimumVisualStudioVersion = 10.0.40219.1
Project("{2150E333-8FDC-42A3-9474-1A3956D46DE8}") = "src", "src", "{7DBB62DA-0F85-4342-9C4E-A7754E4FA244}"
EndProject
Project("{FAE04EC0-301F-11D3-BF4B-00C04F79EFBC}") = "NetworkFirewallEndpoints", "src\NetworkFirewallEndpoints\NetworkFirewallEndpoints.csproj", "{CC518882-B811-4BF2-8070-BBA00F2A8A17}"
EndProject
Project("{2150E333-8FDC-42A3-9474-1A3956D46DE8}") = "test", "test", "{BE6839D7-F348-4AB2-927B-3E133AA88BC7}"
EndProject
Project("{FAE04EC0-301F-11D3-BF4B-00C04F79EFBC}") = "NetworkFirewallEndpoints.Tests", "test\NetworkFirewallEndpoints.Tests\NetworkFirewallEndpoints.Tests.csproj", "{0E169158-8B2A-4496-AC5A-4D9AA85BFB99}"
EndProject
Global
	GlobalSection(SolutionConfigurationPlatforms) = preSolution
		Debug|Any CPU = Debug|Any CPU
		Release|Any CPU = Release|Any CPU
	EndGlobalSection
	GlobalSection(SolutionProperties) = preSolution
		HideSolutionNode = FALSE
	EndGlobalSection
	GlobalSection(ProjectConfigurationPlatforms) = postSolution
		{CC518882-B811-4BF2-8070-BBA00F2A8A17}.Debug|Any CPU.ActiveCfg = Debug|Any CPU
		{CC518882-B811-4BF2-8070-BBA00F2A8A17}.Debug|Any CPU.Build.0 = Debug|Any CPU
		{CC518882-B811-4BF2-8070-BBA00F2A8A17}.Release|Any CPU.ActiveCfg = Release|Any CPU
		{CC518882-B811-4BF2-8070-BBA00F2A8A17}.Release|Any CPU.Build.0 = Release|Any CPU
		{0E169158-8B2A-4496-AC5A-4D9AA85BFB99}.Debug|Any CPU.ActiveCfg = Debug|Any CPU
		{0E169158-8B2A-4496-AC5A-4D9AA85BFB99}.Debug|Any CPU.Build.0 = Debug|Any CPU
		{0E169158-8B2A-4496-AC5A-4D9AA85BFB99}.Release|Any CPU.ActiveCfg = Release|Any CPU
		{0E169158-8B2A-4496-AC5A-4D9AA85BFB99}.Release|Any CPU.Build.0 = Release|Any CPU
	EndGlobalSection
	GlobalSection(NestedProjects) = preSolution
		{CC518882-B811-4BF2-8070-BBA00F2A8A17} = {7DBB62DA-0F85-4342-9C4E-A7754E4FA244}
		{0E169158-8B2A-4496-AC5A-4D9AA85BFB99} = {BE6839D7-F348-4AB2-927B-3E133AA88BC7}
	EndGlobalSection
EndGlobal
